// !$*UTF8*$!
{
	archiveVersion = 1;
	classes = {
	};
	objectVersion = 56;
	objects = {

/* Begin PBXBuildFile section */
		9201920629929DE900B8DD78 /* DailyGratitudeDetailsView.swift in Sources */ = {isa = PBXBuildFile; fileRef = 9201920529929DE900B8DD78 /* DailyGratitudeDetailsView.swift */; };
		9201920829929FF400B8DD78 /* DailyGratitudeDetailsViewModel.swift in Sources */ = {isa = PBXBuildFile; fileRef = 9201920729929FF400B8DD78 /* DailyGratitudeDetailsViewModel.swift */; };
		92CC3945299175AE00F4A08E /* minihome_projectApp.swift in Sources */ = {isa = PBXBuildFile; fileRef = 92CC3944299175AE00F4A08E /* minihome_projectApp.swift */; };
		92CC3947299175AE00F4A08E /* ContentView.swift in Sources */ = {isa = PBXBuildFile; fileRef = 92CC3946299175AE00F4A08E /* ContentView.swift */; };
		92CC3949299175B300F4A08E /* Assets.xcassets in Resources */ = {isa = PBXBuildFile; fileRef = 92CC3948299175B300F4A08E /* Assets.xcassets */; };
		92CC394C299175B300F4A08E /* Preview Assets.xcassets in Resources */ = {isa = PBXBuildFile; fileRef = 92CC394B299175B300F4A08E /* Preview Assets.xcassets */; };
		92CC395629917DCC00F4A08E /* DailyGratitudeListView.swift in Sources */ = {isa = PBXBuildFile; fileRef = 92CC395529917DCC00F4A08E /* DailyGratitudeListView.swift */; };
		92CC39592991876000F4A08E /* JournalTypeEntry.swift in Sources */ = {isa = PBXBuildFile; fileRef = 92CC39582991876000F4A08E /* JournalTypeEntry.swift */; };
		92CC395B2991899E00F4A08E /* DailyGratitudeListViewModel.swift in Sources */ = {isa = PBXBuildFile; fileRef = 92CC395A2991899E00F4A08E /* DailyGratitudeListViewModel.swift */; };
		92CC39602991908D00F4A08E /* Date Extensions.swift in Sources */ = {isa = PBXBuildFile; fileRef = 92CC395F2991908D00F4A08E /* Date Extensions.swift */; };
		92D7D5C629956C6900830C87 /* DailyGratitudeListRepository.swift in Sources */ = {isa = PBXBuildFile; fileRef = 92D7D5C529956C6900830C87 /* DailyGratitudeListRepository.swift */; };
		92DA0E2F29963D66009DE206 /* Image Extensions.swift in Sources */ = {isa = PBXBuildFile; fileRef = 92DA0E2E29963D66009DE206 /* Image Extensions.swift */; };
		92EC05F92996612E00AD2E51 /* DataSource.swift in Sources */ = {isa = PBXBuildFile; fileRef = 92EC05F82996612E00AD2E51 /* DataSource.swift */; };
/* End PBXBuildFile section */

/* Begin PBXFileReference section */
		9201920529929DE900B8DD78 /* DailyGratitudeDetailsView.swift */ = {isa = PBXFileReference; lastKnownFileType = sourcecode.swift; path = DailyGratitudeDetailsView.swift; sourceTree = "<group>"; };
		9201920729929FF400B8DD78 /* DailyGratitudeDetailsViewModel.swift */ = {isa = PBXFileReference; lastKnownFileType = sourcecode.swift; path = DailyGratitudeDetailsViewModel.swift; sourceTree = "<group>"; };
		92CC3941299175AE00F4A08E /* minihome.project.app */ = {isa = PBXFileReference; explicitFileType = wrapper.application; includeInIndex = 0; path = minihome.project.app; sourceTree = BUILT_PRODUCTS_DIR; };
		92CC3944299175AE00F4A08E /* minihome_projectApp.swift */ = {isa = PBXFileReference; lastKnownFileType = sourcecode.swift; path = minihome_projectApp.swift; sourceTree = "<group>"; };
		92CC3946299175AE00F4A08E /* ContentView.swift */ = {isa = PBXFileReference; lastKnownFileType = sourcecode.swift; path = ContentView.swift; sourceTree = "<group>"; };
		92CC3948299175B300F4A08E /* Assets.xcassets */ = {isa = PBXFileReference; lastKnownFileType = folder.assetcatalog; path = Assets.xcassets; sourceTree = "<group>"; };
		92CC394B299175B300F4A08E /* Preview Assets.xcassets */ = {isa = PBXFileReference; lastKnownFileType = folder.assetcatalog; path = "Preview Assets.xcassets"; sourceTree = "<group>"; };
		92CC395529917DCC00F4A08E /* DailyGratitudeListView.swift */ = {isa = PBXFileReference; lastKnownFileType = sourcecode.swift; path = DailyGratitudeListView.swift; sourceTree = "<group>"; };
		92CC39582991876000F4A08E /* JournalTypeEntry.swift */ = {isa = PBXFileReference; lastKnownFileType = sourcecode.swift; path = JournalTypeEntry.swift; sourceTree = "<group>"; };
		92CC395A2991899E00F4A08E /* DailyGratitudeListViewModel.swift */ = {isa = PBXFileReference; lastKnownFileType = sourcecode.swift; path = DailyGratitudeListViewModel.swift; sourceTree = "<group>"; };
		92CC395F2991908D00F4A08E /* Date Extensions.swift */ = {isa = PBXFileReference; lastKnownFileType = sourcecode.swift; path = "Date Extensions.swift"; sourceTree = "<group>"; };
		92D7D5C529956C6900830C87 /* DailyGratitudeListRepository.swift */ = {isa = PBXFileReference; lastKnownFileType = sourcecode.swift; path = DailyGratitudeListRepository.swift; sourceTree = "<group>"; };
		92DA0E2E29963D66009DE206 /* Image Extensions.swift */ = {isa = PBXFileReference; lastKnownFileType = sourcecode.swift; path = "Image Extensions.swift"; sourceTree = "<group>"; };
		92EC05F82996612E00AD2E51 /* DataSource.swift */ = {isa = PBXFileReference; lastKnownFileType = sourcecode.swift; path = DataSource.swift; sourceTree = "<group>"; };
/* End PBXFileReference section */

/* Begin PBXFrameworksBuildPhase section */
		92CC393E299175AE00F4A08E /* Frameworks */ = {
			isa = PBXFrameworksBuildPhase;
			buildActionMask = 2147483647;
			files = (
			);
			runOnlyForDeploymentPostprocessing = 0;
		};
/* End PBXFrameworksBuildPhase section */

/* Begin PBXGroup section */
		92CC3938299175AD00F4A08E = {
			isa = PBXGroup;
			children = (
				92CC3943299175AE00F4A08E /* minihome.project */,
				92CC3942299175AE00F4A08E /* Products */,
			);
			sourceTree = "<group>";
		};
		92CC3942299175AE00F4A08E /* Products */ = {
			isa = PBXGroup;
			children = (
				92CC3941299175AE00F4A08E /* minihome.project.app */,
			);
			name = Products;
			sourceTree = "<group>";
		};
		92CC3943299175AE00F4A08E /* minihome.project */ = {
			isa = PBXGroup;
			children = (
				92EC05F12996577D00AD2E51 /* Networking */,
				92CC395E2991908200F4A08E /* Extensions */,
				92CC39522991776F00F4A08E /* DailyGratitude */,
				92CC3944299175AE00F4A08E /* minihome_projectApp.swift */,
				92CC39572991873300F4A08E /* Models */,
				92CC3946299175AE00F4A08E /* ContentView.swift */,
				92CC3948299175B300F4A08E /* Assets.xcassets */,
				92CC394A299175B300F4A08E /* Preview Content */,
			);
			path = minihome.project;
			sourceTree = "<group>";
		};
		92CC394A299175B300F4A08E /* Preview Content */ = {
			isa = PBXGroup;
			children = (
				92CC394B299175B300F4A08E /* Preview Assets.xcassets */,
			);
			path = "Preview Content";
			sourceTree = "<group>";
		};
		92CC39522991776F00F4A08E /* DailyGratitude */ = {
			isa = PBXGroup;
			children = (
				92CC39542991779700F4A08E /* DailyGratitudeDetails */,
				92CC39532991778400F4A08E /* DailyGratitudeList */,
			);
			path = DailyGratitude;
			sourceTree = "<group>";
		};
		92CC39532991778400F4A08E /* DailyGratitudeList */ = {
			isa = PBXGroup;
			children = (
				92CC395529917DCC00F4A08E /* DailyGratitudeListView.swift */,
				92CC395A2991899E00F4A08E /* DailyGratitudeListViewModel.swift */,
				92D7D5C529956C6900830C87 /* DailyGratitudeListRepository.swift */,
			);
			path = DailyGratitudeList;
			sourceTree = "<group>";
		};
		92CC39542991779700F4A08E /* DailyGratitudeDetails */ = {
			isa = PBXGroup;
			children = (
				9201920529929DE900B8DD78 /* DailyGratitudeDetailsView.swift */,
				9201920729929FF400B8DD78 /* DailyGratitudeDetailsViewModel.swift */,
			);
			path = DailyGratitudeDetails;
			sourceTree = "<group>";
		};
		92CC39572991873300F4A08E /* Models */ = {
			isa = PBXGroup;
			children = (
				92CC39582991876000F4A08E /* JournalTypeEntry.swift */,
			);
			path = Models;
			sourceTree = "<group>";
		};
		92CC395E2991908200F4A08E /* Extensions */ = {
			isa = PBXGroup;
			children = (
				92CC395F2991908D00F4A08E /* Date Extensions.swift */,
				92DA0E2E29963D66009DE206 /* Image Extensions.swift */,
			);
			path = Extensions;
			sourceTree = "<group>";
		};
		92EC05F12996577D00AD2E51 /* Networking */ = {
			isa = PBXGroup;
			children = (
				92EC05F82996612E00AD2E51 /* DataSource.swift */,
			);
			path = Networking;
			sourceTree = "<group>";
		};
/* End PBXGroup section */

/* Begin PBXNativeTarget section */
		92CC3940299175AE00F4A08E /* minihome.project */ = {
			isa = PBXNativeTarget;
			buildConfigurationList = 92CC394F299175B300F4A08E /* Build configuration list for PBXNativeTarget "minihome.project" */;
			buildPhases = (
				92CC393D299175AE00F4A08E /* Sources */,
				92CC393E299175AE00F4A08E /* Frameworks */,
				92CC393F299175AE00F4A08E /* Resources */,
			);
			buildRules = (
			);
			dependencies = (
			);
			name = minihome.project;
			productName = minihome.project;
			productReference = 92CC3941299175AE00F4A08E /* minihome.project.app */;
			productType = "com.apple.product-type.application";
		};
/* End PBXNativeTarget section */

/* Begin PBXProject section */
		92CC3939299175AD00F4A08E /* Project object */ = {
			isa = PBXProject;
			attributes = {
				BuildIndependentTargetsInParallel = 1;
				LastSwiftUpdateCheck = 1420;
				LastUpgradeCheck = 1420;
				TargetAttributes = {
					92CC3940299175AE00F4A08E = {
						CreatedOnToolsVersion = 14.2;
					};
				};
			};
			buildConfigurationList = 92CC393C299175AD00F4A08E /* Build configuration list for PBXProject "minihome.project" */;
			compatibilityVersion = "Xcode 14.0";
			developmentRegion = en;
			hasScannedForEncodings = 0;
			knownRegions = (
				en,
				Base,
			);
			mainGroup = 92CC3938299175AD00F4A08E;
			productRefGroup = 92CC3942299175AE00F4A08E /* Products */;
			projectDirPath = "";
			projectRoot = "";
			targets = (
				92CC3940299175AE00F4A08E /* minihome.project */,
			);
		};
/* End PBXProject section */

/* Begin PBXResourcesBuildPhase section */
		92CC393F299175AE00F4A08E /* Resources */ = {
			isa = PBXResourcesBuildPhase;
			buildActionMask = 2147483647;
			files = (
				92CC394C299175B300F4A08E /* Preview Assets.xcassets in Resources */,
				92CC3949299175B300F4A08E /* Assets.xcassets in Resources */,
			);
			runOnlyForDeploymentPostprocessing = 0;
		};
/* End PBXResourcesBuildPhase section */

/* Begin PBXSourcesBuildPhase section */
		92CC393D299175AE00F4A08E /* Sources */ = {
			isa = PBXSourcesBuildPhase;
			buildActionMask = 2147483647;
			files = (
				92CC39602991908D00F4A08E /* Date Extensions.swift in Sources */,
				92CC39592991876000F4A08E /* JournalTypeEntry.swift in Sources */,
				92CC395B2991899E00F4A08E /* DailyGratitudeListViewModel.swift in Sources */,
				92CC3947299175AE00F4A08E /* ContentView.swift in Sources */,
				92CC395629917DCC00F4A08E /* DailyGratitudeListView.swift in Sources */,
				9201920829929FF400B8DD78 /* DailyGratitudeDetailsViewModel.swift in Sources */,
				9201920629929DE900B8DD78 /* DailyGratitudeDetailsView.swift in Sources */,
				92D7D5C629956C6900830C87 /* DailyGratitudeListRepository.swift in Sources */,
				92DA0E2F29963D66009DE206 /* Image Extensions.swift in Sources */,
				92EC05F92996612E00AD2E51 /* DataSource.swift in Sources */,
				92CC3945299175AE00F4A08E /* minihome_projectApp.swift in Sources */,
			);
			runOnlyForDeploymentPostprocessing = 0;
		};
/* End PBXSourcesBuildPhase section */

/* Begin XCBuildConfiguration section */
		92CC394D299175B300F4A08E /* Debug */ = {
			isa = XCBuildConfiguration;
			buildSettings = {
				ALWAYS_SEARCH_USER_PATHS = NO;
				CLANG_ANALYZER_NONNULL = YES;
				CLANG_ANALYZER_NUMBER_OBJECT_CONVERSION = YES_AGGRESSIVE;
				CLANG_CXX_LANGUAGE_STANDARD = "gnu++20";
				CLANG_ENABLE_MODULES = YES;
				CLANG_ENABLE_OBJC_ARC = YES;
				CLANG_ENABLE_OBJC_WEAK = YES;
				CLANG_WARN_BLOCK_CAPTURE_AUTORELEASING = YES;
				CLANG_WARN_BOOL_CONVERSION = YES;
				CLANG_WARN_COMMA = YES;
				CLANG_WARN_CONSTANT_CONVERSION = YES;
				CLANG_WARN_DEPRECATED_OBJC_IMPLEMENTATIONS = YES;
				CLANG_WARN_DIRECT_OBJC_ISA_USAGE = YES_ERROR;
				CLANG_WARN_DOCUMENTATION_COMMENTS = YES;
				CLANG_WARN_EMPTY_BODY = YES;
				CLANG_WARN_ENUM_CONVERSION = YES;
				CLANG_WARN_INFINITE_RECURSION = YES;
				CLANG_WARN_INT_CONVERSION = YES;
				CLANG_WARN_NON_LITERAL_NULL_CONVERSION = YES;
				CLANG_WARN_OBJC_IMPLICIT_RETAIN_SELF = YES;
				CLANG_WARN_OBJC_LITERAL_CONVERSION = YES;
				CLANG_WARN_OBJC_ROOT_CLASS = YES_ERROR;
				CLANG_WARN_QUOTED_INCLUDE_IN_FRAMEWORK_HEADER = YES;
				CLANG_WARN_RANGE_LOOP_ANALYSIS = YES;
				CLANG_WARN_STRICT_PROTOTYPES = YES;
				CLANG_WARN_SUSPICIOUS_MOVE = YES;
				CLANG_WARN_UNGUARDED_AVAILABILITY = YES_AGGRESSIVE;
				CLANG_WARN_UNREACHABLE_CODE = YES;
				CLANG_WARN__DUPLICATE_METHOD_MATCH = YES;
				COPY_PHASE_STRIP = NO;
				DEBUG_INFORMATION_FORMAT = dwarf;
				ENABLE_STRICT_OBJC_MSGSEND = YES;
				ENABLE_TESTABILITY = YES;
				GCC_C_LANGUAGE_STANDARD = gnu11;
				GCC_DYNAMIC_NO_PIC = NO;
				GCC_NO_COMMON_BLOCKS = YES;
				GCC_OPTIMIZATION_LEVEL = 0;
				GCC_PREPROCESSOR_DEFINITIONS = (
					"DEBUG=1",
					"$(inherited)",
				);
				GCC_WARN_64_TO_32_BIT_CONVERSION = YES;
				GCC_WARN_ABOUT_RETURN_TYPE = YES_ERROR;
				GCC_WARN_UNDECLARED_SELECTOR = YES;
				GCC_WARN_UNINITIALIZED_AUTOS = YES_AGGRESSIVE;
				GCC_WARN_UNUSED_FUNCTION = YES;
				GCC_WARN_UNUSED_VARIABLE = YES;
				IPHONEOS_DEPLOYMENT_TARGET = 14.0;
				MTL_ENABLE_DEBUG_INFO = INCLUDE_SOURCE;
				MTL_FAST_MATH = YES;
				ONLY_ACTIVE_ARCH = YES;
				SDKROOT = iphoneos;
				SWIFT_ACTIVE_COMPILATION_CONDITIONS = DEBUG;
				SWIFT_OPTIMIZATION_LEVEL = "-Onone";
			};
			name = Debug;
		};
		92CC394E299175B300F4A08E /* Release */ = {
			isa = XCBuildConfiguration;
			buildSettings = {
				ALWAYS_SEARCH_USER_PATHS = NO;
				CLANG_ANALYZER_NONNULL = YES;
				CLANG_ANALYZER_NUMBER_OBJECT_CONVERSION = YES_AGGRESSIVE;
				CLANG_CXX_LANGUAGE_STANDARD = "gnu++20";
				CLANG_ENABLE_MODULES = YES;
				CLANG_ENABLE_OBJC_ARC = YES;
				CLANG_ENABLE_OBJC_WEAK = YES;
				CLANG_WARN_BLOCK_CAPTURE_AUTORELEASING = YES;
				CLANG_WARN_BOOL_CONVERSION = YES;
				CLANG_WARN_COMMA = YES;
				CLANG_WARN_CONSTANT_CONVERSION = YES;
				CLANG_WARN_DEPRECATED_OBJC_IMPLEMENTATIONS = YES;
				CLANG_WARN_DIRECT_OBJC_ISA_USAGE = YES_ERROR;
				CLANG_WARN_DOCUMENTATION_COMMENTS = YES;
				CLANG_WARN_EMPTY_BODY = YES;
				CLANG_WARN_ENUM_CONVERSION = YES;
				CLANG_WARN_INFINITE_RECURSION = YES;
				CLANG_WARN_INT_CONVERSION = YES;
				CLANG_WARN_NON_LITERAL_NULL_CONVERSION = YES;
				CLANG_WARN_OBJC_IMPLICIT_RETAIN_SELF = YES;
				CLANG_WARN_OBJC_LITERAL_CONVERSION = YES;
				CLANG_WARN_OBJC_ROOT_CLASS = YES_ERROR;
				CLANG_WARN_QUOTED_INCLUDE_IN_FRAMEWORK_HEADER = YES;
				CLANG_WARN_RANGE_LOOP_ANALYSIS = YES;
				CLANG_WARN_STRICT_PROTOTYPES = YES;
				CLANG_WARN_SUSPICIOUS_MOVE = YES;
				CLANG_WARN_UNGUARDED_AVAILABILITY = YES_AGGRESSIVE;
				CLANG_WARN_UNREACHABLE_CODE = YES;
				CLANG_WARN__DUPLICATE_METHOD_MATCH = YES;
				COPY_PHASE_STRIP = NO;
				DEBUG_INFORMATION_FORMAT = "dwarf-with-dsym";
				ENABLE_NS_ASSERTIONS = NO;
				ENABLE_STRICT_OBJC_MSGSEND = YES;
				GCC_C_LANGUAGE_STANDARD = gnu11;
				GCC_NO_COMMON_BLOCKS = YES;
				GCC_WARN_64_TO_32_BIT_CONVERSION = YES;
				GCC_WARN_ABOUT_RETURN_TYPE = YES_ERROR;
				GCC_WARN_UNDECLARED_SELECTOR = YES;
				GCC_WARN_UNINITIALIZED_AUTOS = YES_AGGRESSIVE;
				GCC_WARN_UNUSED_FUNCTION = YES;
				GCC_WARN_UNUSED_VARIABLE = YES;
				IPHONEOS_DEPLOYMENT_TARGET = 14.0;
				MTL_ENABLE_DEBUG_INFO = NO;
				MTL_FAST_MATH = YES;
				SDKROOT = iphoneos;
				SWIFT_COMPILATION_MODE = wholemodule;
				SWIFT_OPTIMIZATION_LEVEL = "-O";
				VALIDATE_PRODUCT = YES;
			};
			name = Release;
		};
		92CC3950299175B300F4A08E /* Debug */ = {
			isa = XCBuildConfiguration;
			buildSettings = {
				ASSETCATALOG_COMPILER_APPICON_NAME = AppIcon;
				ASSETCATALOG_COMPILER_GLOBAL_ACCENT_COLOR_NAME = AccentColor;
				CODE_SIGN_IDENTITY = "Apple Development";
				CODE_SIGN_STYLE = Automatic;
				CURRENT_PROJECT_VERSION = 1;
				DEVELOPMENT_ASSET_PATHS = "\"minihome.project/Preview Content\"";
				DEVELOPMENT_TEAM = C3CSFK3TKY;
				ENABLE_PREVIEWS = YES;
				GENERATE_INFOPLIST_FILE = YES;
				INFOPLIST_KEY_UIApplicationSceneManifest_Generation = YES;
				INFOPLIST_KEY_UIApplicationSupportsIndirectInputEvents = YES;
				INFOPLIST_KEY_UILaunchScreen_Generation = YES;
				INFOPLIST_KEY_UISupportedInterfaceOrientations_iPad = "UIInterfaceOrientationPortrait UIInterfaceOrientationPortraitUpsideDown UIInterfaceOrientationLandscapeLeft UIInterfaceOrientationLandscapeRight";
				INFOPLIST_KEY_UISupportedInterfaceOrientations_iPhone = "UIInterfaceOrientationPortrait UIInterfaceOrientationLandscapeLeft UIInterfaceOrientationLandscapeRight";
				LD_RUNPATH_SEARCH_PATHS = (
					"$(inherited)",
					"@executable_path/Frameworks",
				);
				MARKETING_VERSION = 1.0;
				PRODUCT_BUNDLE_IDENTIFIER = "VladGhetina.minihome-project";
				PRODUCT_NAME = "$(TARGET_NAME)";
				PROVISIONING_PROFILE_SPECIFIER = "";
				SWIFT_EMIT_LOC_STRINGS = YES;
				SWIFT_VERSION = 5.0;
				TARGETED_DEVICE_FAMILY = "1,2";
			};
			name = Debug;
		};
		92CC3951299175B300F4A08E /* Release */ = {
			isa = XCBuildConfiguration;
			buildSettings = {
				ASSETCATALOG_COMPILER_APPICON_NAME = AppIcon;
				ASSETCATALOG_COMPILER_GLOBAL_ACCENT_COLOR_NAME = AccentColor;
				CODE_SIGN_IDENTITY = "Apple Development";
				CODE_SIGN_STYLE = Automatic;
				CURRENT_PROJECT_VERSION = 1;
				DEVELOPMENT_ASSET_PATHS = "\"minihome.project/Preview Content\"";
				DEVELOPMENT_TEAM = C3CSFK3TKY;
				ENABLE_PREVIEWS = YES;
				GENERATE_INFOPLIST_FILE = YES;
				INFOPLIST_KEY_UIApplicationSceneManifest_Generation = YES;
				INFOPLIST_KEY_UIApplicationSupportsIndirectInputEvents = YES;
				INFOPLIST_KEY_UILaunchScreen_Generation = YES;
				INFOPLIST_KEY_UISupportedInterfaceOrientations_iPad = "UIInterfaceOrientationPortrait UIInterfaceOrientationPortraitUpsideDown UIInterfaceOrientationLandscapeLeft UIInterfaceOrientationLandscapeRight";
				INFOPLIST_KEY_UISupportedInterfaceOrientations_iPhone = "UIInterfaceOrientationPortrait UIInterfaceOrientationLandscapeLeft UIInterfaceOrientationLandscapeRight";
				LD_RUNPATH_SEARCH_PATHS = (
					"$(inherited)",
					"@executable_path/Frameworks",
				);
				MARKETING_VERSION = 1.0;
				PRODUCT_BUNDLE_IDENTIFIER = "VladGhetina.minihome-project";
				PRODUCT_NAME = "$(TARGET_NAME)";
				PROVISIONING_PROFILE_SPECIFIER = "";
				SWIFT_EMIT_LOC_STRINGS = YES;
				SWIFT_VERSION = 5.0;
				TARGETED_DEVICE_FAMILY = "1,2";
			};
			name = Release;
		};
/* End XCBuildConfiguration section */

/* Begin XCConfigurationList section */
		92CC393C299175AD00F4A08E /* Build configuration list for PBXProject "minihome.project" */ = {
			isa = XCConfigurationList;
			buildConfigurations = (
				92CC394D299175B300F4A08E /* Debug */,
				92CC394E299175B300F4A08E /* Release */,
			);
			defaultConfigurationIsVisible = 0;
			defaultConfigurationName = Release;
		};
		92CC394F299175B300F4A08E /* Build configuration list for PBXNativeTarget "minihome.project" */ = {
			isa = XCConfigurationList;
			buildConfigurations = (
				92CC3950299175B300F4A08E /* Debug */,
				92CC3951299175B300F4A08E /* Release */,
			);
			defaultConfigurationIsVisible = 0;
			defaultConfigurationName = Release;
		};
/* End XCConfigurationList section */
	};
	rootObject = 92CC3939299175AD00F4A08E /* Project object */;
}
